// !$*UTF8*$!
{
	archiveVersion = 1;
	classes = {
	};
	objectVersion = 56;
	objects = {

/* Begin PBXBuildFile section */
		38EBF5D82A3B6F7800EF5C74 /* SwiftCoinApp.swift in Sources */ = {isa = PBXBuildFile; fileRef = 38EBF5D72A3B6F7800EF5C74 /* SwiftCoinApp.swift */; };
		38EBF5DA2A3B6F7800EF5C74 /* ContentView.swift in Sources */ = {isa = PBXBuildFile; fileRef = 38EBF5D92A3B6F7800EF5C74 /* ContentView.swift */; };
		38EBF5DC2A3B6F7900EF5C74 /* Assets.xcassets in Resources */ = {isa = PBXBuildFile; fileRef = 38EBF5DB2A3B6F7900EF5C74 /* Assets.xcassets */; };
		38EBF5DF2A3B6F7900EF5C74 /* Preview Assets.xcassets in Resources */ = {isa = PBXBuildFile; fileRef = 38EBF5DE2A3B6F7900EF5C74 /* Preview Assets.xcassets */; };
		38EBF5EE2A3B7E1500EF5C74 /* HomeView.swift in Sources */ = {isa = PBXBuildFile; fileRef = 38EBF5ED2A3B7E1500EF5C74 /* HomeView.swift */; };
		38EBF5F02A3B7F6400EF5C74 /* TopMoversView.swift in Sources */ = {isa = PBXBuildFile; fileRef = 38EBF5EF2A3B7F6400EF5C74 /* TopMoversView.swift */; };
		38EBF5F32A3B7F8200EF5C74 /* TopMoversItemView.swift in Sources */ = {isa = PBXBuildFile; fileRef = 38EBF5F22A3B7F8200EF5C74 /* TopMoversItemView.swift */; };
		38EBF5F52A3DA42E00EF5C74 /* AllCoinsView.swift in Sources */ = {isa = PBXBuildFile; fileRef = 38EBF5F42A3DA42E00EF5C74 /* AllCoinsView.swift */; };
		38EBF5F82A3DA44900EF5C74 /* CoinRowView.swift in Sources */ = {isa = PBXBuildFile; fileRef = 38EBF5F72A3DA44900EF5C74 /* CoinRowView.swift */; };
		38EBF5FA2A3DAEA600EF5C74 /* HomeViewModel.swift in Sources */ = {isa = PBXBuildFile; fileRef = 38EBF5F92A3DAEA600EF5C74 /* HomeViewModel.swift */; };
		38EBF5FC2A3DB37E00EF5C74 /* Coin.swift in Sources */ = {isa = PBXBuildFile; fileRef = 38EBF5FB2A3DB37E00EF5C74 /* Coin.swift */; };
		38EBF5FF2A3DD00C00EF5C74 /* Kingfisher in Frameworks */ = {isa = PBXBuildFile; productRef = 38EBF5FE2A3DD00C00EF5C74 /* Kingfisher */; };
		38EBF6012A3DD20500EF5C74 /* Double.swift in Sources */ = {isa = PBXBuildFile; fileRef = 38EBF6002A3DD20500EF5C74 /* Double.swift */; };
		38EBF6032A3DF30300EF5C74 /* SplashScreenView.swift in Sources */ = {isa = PBXBuildFile; fileRef = 38EBF6022A3DF30300EF5C74 /* SplashScreenView.swift */; };
/* End PBXBuildFile section */

/* Begin PBXFileReference section */
		38EBF5D42A3B6F7800EF5C74 /* SwiftCoin.app */ = {isa = PBXFileReference; explicitFileType = wrapper.application; includeInIndex = 0; path = SwiftCoin.app; sourceTree = BUILT_PRODUCTS_DIR; };
		38EBF5D72A3B6F7800EF5C74 /* SwiftCoinApp.swift */ = {isa = PBXFileReference; lastKnownFileType = sourcecode.swift; path = SwiftCoinApp.swift; sourceTree = "<group>"; };
		38EBF5D92A3B6F7800EF5C74 /* ContentView.swift */ = {isa = PBXFileReference; lastKnownFileType = sourcecode.swift; path = ContentView.swift; sourceTree = "<group>"; };
		38EBF5DB2A3B6F7900EF5C74 /* Assets.xcassets */ = {isa = PBXFileReference; lastKnownFileType = folder.assetcatalog; path = Assets.xcassets; sourceTree = "<group>"; };
		38EBF5DE2A3B6F7900EF5C74 /* Preview Assets.xcassets */ = {isa = PBXFileReference; lastKnownFileType = folder.assetcatalog; path = "Preview Assets.xcassets"; sourceTree = "<group>"; };
		38EBF5ED2A3B7E1500EF5C74 /* HomeView.swift */ = {isa = PBXFileReference; lastKnownFileType = sourcecode.swift; path = HomeView.swift; sourceTree = "<group>"; };
		38EBF5EF2A3B7F6400EF5C74 /* TopMoversView.swift */ = {isa = PBXFileReference; lastKnownFileType = sourcecode.swift; path = TopMoversView.swift; sourceTree = "<group>"; };
		38EBF5F22A3B7F8200EF5C74 /* TopMoversItemView.swift */ = {isa = PBXFileReference; lastKnownFileType = sourcecode.swift; path = TopMoversItemView.swift; sourceTree = "<group>"; };
		38EBF5F42A3DA42E00EF5C74 /* AllCoinsView.swift */ = {isa = PBXFileReference; lastKnownFileType = sourcecode.swift; path = AllCoinsView.swift; sourceTree = "<group>"; };
		38EBF5F72A3DA44900EF5C74 /* CoinRowView.swift */ = {isa = PBXFileReference; lastKnownFileType = sourcecode.swift; path = CoinRowView.swift; sourceTree = "<group>"; };
		38EBF5F92A3DAEA600EF5C74 /* HomeViewModel.swift */ = {isa = PBXFileReference; lastKnownFileType = sourcecode.swift; path = HomeViewModel.swift; sourceTree = "<group>"; };
		38EBF5FB2A3DB37E00EF5C74 /* Coin.swift */ = {isa = PBXFileReference; lastKnownFileType = sourcecode.swift; path = Coin.swift; sourceTree = "<group>"; };
		38EBF6002A3DD20500EF5C74 /* Double.swift */ = {isa = PBXFileReference; lastKnownFileType = sourcecode.swift; path = Double.swift; sourceTree = "<group>"; };
		38EBF6022A3DF30300EF5C74 /* SplashScreenView.swift */ = {isa = PBXFileReference; lastKnownFileType = sourcecode.swift; path = SplashScreenView.swift; sourceTree = "<group>"; };
/* End PBXFileReference section */

/* Begin PBXFrameworksBuildPhase section */
		38EBF5D12A3B6F7800EF5C74 /* Frameworks */ = {
			isa = PBXFrameworksBuildPhase;
			buildActionMask = 2147483647;
			files = (
				38EBF5FF2A3DD00C00EF5C74 /* Kingfisher in Frameworks */,
			);
			runOnlyForDeploymentPostprocessing = 0;
		};
/* End PBXFrameworksBuildPhase section */

/* Begin PBXGroup section */
		38EBF5CB2A3B6F7800EF5C74 = {
			isa = PBXGroup;
			children = (
				38EBF5D62A3B6F7800EF5C74 /* SwiftCoin */,
				38EBF5D52A3B6F7800EF5C74 /* Products */,
			);
			sourceTree = "<group>";
		};
		38EBF5D52A3B6F7800EF5C74 /* Products */ = {
			isa = PBXGroup;
			children = (
				38EBF5D42A3B6F7800EF5C74 /* SwiftCoin.app */,
			);
			name = Products;
			sourceTree = "<group>";
		};
		38EBF5D62A3B6F7800EF5C74 /* SwiftCoin */ = {
			isa = PBXGroup;
			children = (
				38EBF5E92A3B7D4400EF5C74 /* Utils */,
				38EBF5E82A3B7D3E00EF5C74 /* Extensions */,
				38EBF5E72A3B7D3A00EF5C74 /* Model */,
				38EBF5E62A3B7D3800EF5C74 /* Core */,
				38EBF5E52A3B7D3400EF5C74 /* App */,
				38EBF5D92A3B6F7800EF5C74 /* ContentView.swift */,
				38EBF5DB2A3B6F7900EF5C74 /* Assets.xcassets */,
				38EBF5DD2A3B6F7900EF5C74 /* Preview Content */,
			);
			path = SwiftCoin;
			sourceTree = "<group>";
		};
		38EBF5DD2A3B6F7900EF5C74 /* Preview Content */ = {
			isa = PBXGroup;
			children = (
				38EBF5DE2A3B6F7900EF5C74 /* Preview Assets.xcassets */,
			);
			path = "Preview Content";
			sourceTree = "<group>";
		};
		38EBF5E52A3B7D3400EF5C74 /* App */ = {
			isa = PBXGroup;
			children = (
				38EBF5D72A3B6F7800EF5C74 /* SwiftCoinApp.swift */,
			);
			path = App;
			sourceTree = "<group>";
		};
		38EBF5E62A3B7D3800EF5C74 /* Core */ = {
			isa = PBXGroup;
			children = (
				38EBF5EA2A3B7D9A00EF5C74 /* Home */,
			);
			path = Core;
			sourceTree = "<group>";
		};
		38EBF5E72A3B7D3A00EF5C74 /* Model */ = {
			isa = PBXGroup;
			children = (
				38EBF5FB2A3DB37E00EF5C74 /* Coin.swift */,
			);
			path = Model;
			sourceTree = "<group>";
		};
		38EBF5E82A3B7D3E00EF5C74 /* Extensions */ = {
			isa = PBXGroup;
			children = (
				38EBF6002A3DD20500EF5C74 /* Double.swift */,
			);
			path = Extensions;
			sourceTree = "<group>";
		};
		38EBF5E92A3B7D4400EF5C74 /* Utils */ = {
			isa = PBXGroup;
			children = (
				38EBF6022A3DF30300EF5C74 /* SplashScreenView.swift */,
			);
			path = Utils;
			sourceTree = "<group>";
		};
		38EBF5EA2A3B7D9A00EF5C74 /* Home */ = {
			isa = PBXGroup;
			children = (
				38EBF5EB2A3B7DE800EF5C74 /* Views */,
				38EBF5EC2A3B7DEF00EF5C74 /* ViewModels */,
			);
			path = Home;
			sourceTree = "<group>";
		};
		38EBF5EB2A3B7DE800EF5C74 /* Views */ = {
			isa = PBXGroup;
			children = (
				38EBF5ED2A3B7E1500EF5C74 /* HomeView.swift */,
				38EBF5EF2A3B7F6400EF5C74 /* TopMoversView.swift */,
				38EBF5F22A3B7F8200EF5C74 /* TopMoversItemView.swift */,
				38EBF5F42A3DA42E00EF5C74 /* AllCoinsView.swift */,
				38EBF5F72A3DA44900EF5C74 /* CoinRowView.swift */,
			);
			path = Views;
			sourceTree = "<group>";
		};
		38EBF5EC2A3B7DEF00EF5C74 /* ViewModels */ = {
			isa = PBXGroup;
			children = (
				38EBF5F92A3DAEA600EF5C74 /* HomeViewModel.swift */,
			);
			path = ViewModels;
			sourceTree = "<group>";
		};
/* End PBXGroup section */

/* Begin PBXNativeTarget section */
		38EBF5D32A3B6F7800EF5C74 /* SwiftCoin */ = {
			isa = PBXNativeTarget;
			buildConfigurationList = 38EBF5E22A3B6F7900EF5C74 /* Build configuration list for PBXNativeTarget "SwiftCoin" */;
			buildPhases = (
				38EBF5D02A3B6F7800EF5C74 /* Sources */,
				38EBF5D12A3B6F7800EF5C74 /* Frameworks */,
				38EBF5D22A3B6F7800EF5C74 /* Resources */,
			);
			buildRules = (
			);
			dependencies = (
			);
			name = SwiftCoin;
			packageProductDependencies = (
				38EBF5FE2A3DD00C00EF5C74 /* Kingfisher */,
			);
			productName = SwiftCoin;
			productReference = 38EBF5D42A3B6F7800EF5C74 /* SwiftCoin.app */;
			productType = "com.apple.product-type.application";
		};
/* End PBXNativeTarget section */

/* Begin PBXProject section */
		38EBF5CC2A3B6F7800EF5C74 /* Project object */ = {
			isa = PBXProject;
			attributes = {
				BuildIndependentTargetsInParallel = 1;
				LastSwiftUpdateCheck = 1430;
				LastUpgradeCheck = 1430;
				TargetAttributes = {
					38EBF5D32A3B6F7800EF5C74 = {
						CreatedOnToolsVersion = 14.3.1;
					};
				};
			};
			buildConfigurationList = 38EBF5CF2A3B6F7800EF5C74 /* Build configuration list for PBXProject "SwiftCoin" */;
			compatibilityVersion = "Xcode 14.0";
			developmentRegion = en;
			hasScannedForEncodings = 0;
			knownRegions = (
				en,
				Base,
			);
			mainGroup = 38EBF5CB2A3B6F7800EF5C74;
			packageReferences = (
				38EBF5FD2A3DD00C00EF5C74 /* XCRemoteSwiftPackageReference "Kingfisher" */,
			);
			productRefGroup = 38EBF5D52A3B6F7800EF5C74 /* Products */;
			projectDirPath = "";
			projectRoot = "";
			targets = (
				38EBF5D32A3B6F7800EF5C74 /* SwiftCoin */,
			);
		};
/* End PBXProject section */

/* Begin PBXResourcesBuildPhase section */
		38EBF5D22A3B6F7800EF5C74 /* Resources */ = {
			isa = PBXResourcesBuildPhase;
			buildActionMask = 2147483647;
			files = (
				38EBF5DF2A3B6F7900EF5C74 /* Preview Assets.xcassets in Resources */,
				38EBF5DC2A3B6F7900EF5C74 /* Assets.xcassets in Resources */,
			);
			runOnlyForDeploymentPostprocessing = 0;
		};
/* End PBXResourcesBuildPhase section */

/* Begin PBXSourcesBuildPhase section */
		38EBF5D02A3B6F7800EF5C74 /* Sources */ = {
			isa = PBXSourcesBuildPhase;
			buildActionMask = 2147483647;
			files = (
				38EBF5FC2A3DB37E00EF5C74 /* Coin.swift in Sources */,
				38EBF5F02A3B7F6400EF5C74 /* TopMoversView.swift in Sources */,
				38EBF5F52A3DA42E00EF5C74 /* AllCoinsView.swift in Sources */,
				38EBF5EE2A3B7E1500EF5C74 /* HomeView.swift in Sources */,
				38EBF6032A3DF30300EF5C74 /* SplashScreenView.swift in Sources */,
				38EBF5FA2A3DAEA600EF5C74 /* HomeViewModel.swift in Sources */,
				38EBF5DA2A3B6F7800EF5C74 /* ContentView.swift in Sources */,
				38EBF5D82A3B6F7800EF5C74 /* SwiftCoinApp.swift in Sources */,
				38EBF5F82A3DA44900EF5C74 /* CoinRowView.swift in Sources */,
				38EBF6012A3DD20500EF5C74 /* Double.swift in Sources */,
				38EBF5F32A3B7F8200EF5C74 /* TopMoversItemView.swift in Sources */,
			);
			runOnlyForDeploymentPostprocessing = 0;
		};
/* End PBXSourcesBuildPhase section */

/* Begin XCBuildConfiguration section */
		38EBF5E02A3B6F7900EF5C74 /* Debug */ = {
			isa = XCBuildConfiguration;
			buildSettings = {
				ALWAYS_SEARCH_USER_PATHS = NO;
				CLANG_ANALYZER_NONNULL = YES;
				CLANG_ANALYZER_NUMBER_OBJECT_CONVERSION = YES_AGGRESSIVE;
				CLANG_CXX_LANGUAGE_STANDARD = "gnu++20";
				CLANG_ENABLE_MODULES = YES;
				CLANG_ENABLE_OBJC_ARC = YES;
				CLANG_ENABLE_OBJC_WEAK = YES;
				CLANG_WARN_BLOCK_CAPTURE_AUTORELEASING = YES;
				CLANG_WARN_BOOL_CONVERSION = YES;
				CLANG_WARN_COMMA = YES;
				CLANG_WARN_CONSTANT_CONVERSION = YES;
				CLANG_WARN_DEPRECATED_OBJC_IMPLEMENTATIONS = YES;
				CLANG_WARN_DIRECT_OBJC_ISA_USAGE = YES_ERROR;
				CLANG_WARN_DOCUMENTATION_COMMENTS = YES;
				CLANG_WARN_EMPTY_BODY = YES;
				CLANG_WARN_ENUM_CONVERSION = YES;
				CLANG_WARN_INFINITE_RECURSION = YES;
				CLANG_WARN_INT_CONVERSION = YES;
				CLANG_WARN_NON_LITERAL_NULL_CONVERSION = YES;
				CLANG_WARN_OBJC_IMPLICIT_RETAIN_SELF = YES;
				CLANG_WARN_OBJC_LITERAL_CONVERSION = YES;
				CLANG_WARN_OBJC_ROOT_CLASS = YES_ERROR;
				CLANG_WARN_QUOTED_INCLUDE_IN_FRAMEWORK_HEADER = YES;
				CLANG_WARN_RANGE_LOOP_ANALYSIS = YES;
				CLANG_WARN_STRICT_PROTOTYPES = YES;
				CLANG_WARN_SUSPICIOUS_MOVE = YES;
				CLANG_WARN_UNGUARDED_AVAILABILITY = YES_AGGRESSIVE;
				CLANG_WARN_UNREACHABLE_CODE = YES;
				CLANG_WARN__DUPLICATE_METHOD_MATCH = YES;
				COPY_PHASE_STRIP = NO;
				DEBUG_INFORMATION_FORMAT = dwarf;
				ENABLE_STRICT_OBJC_MSGSEND = YES;
				ENABLE_TESTABILITY = YES;
				GCC_C_LANGUAGE_STANDARD = gnu11;
				GCC_DYNAMIC_NO_PIC = NO;
				GCC_NO_COMMON_BLOCKS = YES;
				GCC_OPTIMIZATION_LEVEL = 0;
				GCC_PREPROCESSOR_DEFINITIONS = (
					"DEBUG=1",
					"$(inherited)",
				);
				GCC_WARN_64_TO_32_BIT_CONVERSION = YES;
				GCC_WARN_ABOUT_RETURN_TYPE = YES_ERROR;
				GCC_WARN_UNDECLARED_SELECTOR = YES;
				GCC_WARN_UNINITIALIZED_AUTOS = YES_AGGRESSIVE;
				GCC_WARN_UNUSED_FUNCTION = YES;
				GCC_WARN_UNUSED_VARIABLE = YES;
				IPHONEOS_DEPLOYMENT_TARGET = 16.4;
				MTL_ENABLE_DEBUG_INFO = INCLUDE_SOURCE;
				MTL_FAST_MATH = YES;
				ONLY_ACTIVE_ARCH = YES;
				SDKROOT = iphoneos;
				SWIFT_ACTIVE_COMPILATION_CONDITIONS = DEBUG;
				SWIFT_OPTIMIZATION_LEVEL = "-Onone";
			};
			name = Debug;
		};
		38EBF5E12A3B6F7900EF5C74 /* Release */ = {
			isa = XCBuildConfiguration;
			buildSettings = {
				ALWAYS_SEARCH_USER_PATHS = NO;
				CLANG_ANALYZER_NONNULL = YES;
				CLANG_ANALYZER_NUMBER_OBJECT_CONVERSION = YES_AGGRESSIVE;
				CLANG_CXX_LANGUAGE_STANDARD = "gnu++20";
				CLANG_ENABLE_MODULES = YES;
				CLANG_ENABLE_OBJC_ARC = YES;
				CLANG_ENABLE_OBJC_WEAK = YES;
				CLANG_WARN_BLOCK_CAPTURE_AUTORELEASING = YES;
				CLANG_WARN_BOOL_CONVERSION = YES;
				CLANG_WARN_COMMA = YES;
				CLANG_WARN_CONSTANT_CONVERSION = YES;
				CLANG_WARN_DEPRECATED_OBJC_IMPLEMENTATIONS = YES;
				CLANG_WARN_DIRECT_OBJC_ISA_USAGE = YES_ERROR;
				CLANG_WARN_DOCUMENTATION_COMMENTS = YES;
				CLANG_WARN_EMPTY_BODY = YES;
				CLANG_WARN_ENUM_CONVERSION = YES;
				CLANG_WARN_INFINITE_RECURSION = YES;
				CLANG_WARN_INT_CONVERSION = YES;
				CLANG_WARN_NON_LITERAL_NULL_CONVERSION = YES;
				CLANG_WARN_OBJC_IMPLICIT_RETAIN_SELF = YES;
				CLANG_WARN_OBJC_LITERAL_CONVERSION = YES;
				CLANG_WARN_OBJC_ROOT_CLASS = YES_ERROR;
				CLANG_WARN_QUOTED_INCLUDE_IN_FRAMEWORK_HEADER = YES;
				CLANG_WARN_RANGE_LOOP_ANALYSIS = YES;
				CLANG_WARN_STRICT_PROTOTYPES = YES;
				CLANG_WARN_SUSPICIOUS_MOVE = YES;
				CLANG_WARN_UNGUARDED_AVAILABILITY = YES_AGGRESSIVE;
				CLANG_WARN_UNREACHABLE_CODE = YES;
				CLANG_WARN__DUPLICATE_METHOD_MATCH = YES;
				COPY_PHASE_STRIP = NO;
				DEBUG_INFORMATION_FORMAT = "dwarf-with-dsym";
				ENABLE_NS_ASSERTIONS = NO;
				ENABLE_STRICT_OBJC_MSGSEND = YES;
				GCC_C_LANGUAGE_STANDARD = gnu11;
				GCC_NO_COMMON_BLOCKS = YES;
				GCC_WARN_64_TO_32_BIT_CONVERSION = YES;
				GCC_WARN_ABOUT_RETURN_TYPE = YES_ERROR;
				GCC_WARN_UNDECLARED_SELECTOR = YES;
				GCC_WARN_UNINITIALIZED_AUTOS = YES_AGGRESSIVE;
				GCC_WARN_UNUSED_FUNCTION = YES;
				GCC_WARN_UNUSED_VARIABLE = YES;
				IPHONEOS_DEPLOYMENT_TARGET = 16.4;
				MTL_ENABLE_DEBUG_INFO = NO;
				MTL_FAST_MATH = YES;
				SDKROOT = iphoneos;
				SWIFT_COMPILATION_MODE = wholemodule;
				SWIFT_OPTIMIZATION_LEVEL = "-O";
				VALIDATE_PRODUCT = YES;
			};
			name = Release;
		};
		38EBF5E32A3B6F7900EF5C74 /* Debug */ = {
			isa = XCBuildConfiguration;
			buildSettings = {
				ASSETCATALOG_COMPILER_APPICON_NAME = AppIcon;
				ASSETCATALOG_COMPILER_GLOBAL_ACCENT_COLOR_NAME = AccentColor;
				CODE_SIGN_STYLE = Automatic;
				CURRENT_PROJECT_VERSION = 1;
				DEVELOPMENT_ASSET_PATHS = "\"SwiftCoin/Preview Content\"";
				DEVELOPMENT_TEAM = 9D4M2F3H7Y;
				ENABLE_PREVIEWS = YES;
				GENERATE_INFOPLIST_FILE = YES;
				INFOPLIST_KEY_UIApplicationSceneManifest_Generation = YES;
				INFOPLIST_KEY_UIApplicationSupportsIndirectInputEvents = YES;
				INFOPLIST_KEY_UILaunchScreen_Generation = YES;
				INFOPLIST_KEY_UISupportedInterfaceOrientations_iPad = "UIInterfaceOrientationPortrait UIInterfaceOrientationPortraitUpsideDown UIInterfaceOrientationLandscapeLeft UIInterfaceOrientationLandscapeRight";
				INFOPLIST_KEY_UISupportedInterfaceOrientations_iPhone = "UIInterfaceOrientationPortrait UIInterfaceOrientationLandscapeLeft UIInterfaceOrientationLandscapeRight";
				LD_RUNPATH_SEARCH_PATHS = (
					"$(inherited)",
					"@executable_path/Frameworks",
				);
				MARKETING_VERSION = 1.0;
				PRODUCT_BUNDLE_IDENTIFIER = com.developer.sopnilsohan.SwiftCoin;
				PRODUCT_NAME = "$(TARGET_NAME)";
				SWIFT_EMIT_LOC_STRINGS = YES;
				SWIFT_VERSION = 5.0;
				TARGETED_DEVICE_FAMILY = "1,2";
			};
			name = Debug;
		};
		38EBF5E42A3B6F7900EF5C74 /* Release */ = {
			isa = XCBuildConfiguration;
			buildSettings = {
				ASSETCATALOG_COMPILER_APPICON_NAME = AppIcon;
				ASSETCATALOG_COMPILER_GLOBAL_ACCENT_COLOR_NAME = AccentColor;
				CODE_SIGN_STYLE = Automatic;
				CURRENT_PROJECT_VERSION = 1;
				DEVELOPMENT_ASSET_PATHS = "\"SwiftCoin/Preview Content\"";
				DEVELOPMENT_TEAM = 9D4M2F3H7Y;
				ENABLE_PREVIEWS = YES;
				GENERATE_INFOPLIST_FILE = YES;
				INFOPLIST_KEY_UIApplicationSceneManifest_Generation = YES;
				INFOPLIST_KEY_UIApplicationSupportsIndirectInputEvents = YES;
				INFOPLIST_KEY_UILaunchScreen_Generation = YES;
				INFOPLIST_KEY_UISupportedInterfaceOrientations_iPad = "UIInterfaceOrientationPortrait UIInterfaceOrientationPortraitUpsideDown UIInterfaceOrientationLandscapeLeft UIInterfaceOrientationLandscapeRight";
				INFOPLIST_KEY_UISupportedInterfaceOrientations_iPhone = "UIInterfaceOrientationPortrait UIInterfaceOrientationLandscapeLeft UIInterfaceOrientationLandscapeRight";
				LD_RUNPATH_SEARCH_PATHS = (
					"$(inherited)",
					"@executable_path/Frameworks",
				);
				MARKETING_VERSION = 1.0;
				PRODUCT_BUNDLE_IDENTIFIER = com.developer.sopnilsohan.SwiftCoin;
				PRODUCT_NAME = "$(TARGET_NAME)";
				SWIFT_EMIT_LOC_STRINGS = YES;
				SWIFT_VERSION = 5.0;
				TARGETED_DEVICE_FAMILY = "1,2";
			};
			name = Release;
		};
/* End XCBuildConfiguration section */

/* Begin XCConfigurationList section */
		38EBF5CF2A3B6F7800EF5C74 /* Build configuration list for PBXProject "SwiftCoin" */ = {
			isa = XCConfigurationList;
			buildConfigurations = (
				38EBF5E02A3B6F7900EF5C74 /* Debug */,
				38EBF5E12A3B6F7900EF5C74 /* Release */,
			);
			defaultConfigurationIsVisible = 0;
			defaultConfigurationName = Release;
		};
		38EBF5E22A3B6F7900EF5C74 /* Build configuration list for PBXNativeTarget "SwiftCoin" */ = {
			isa = XCConfigurationList;
			buildConfigurations = (
				38EBF5E32A3B6F7900EF5C74 /* Debug */,
				38EBF5E42A3B6F7900EF5C74 /* Release */,
			);
			defaultConfigurationIsVisible = 0;
			defaultConfigurationName = Release;
		};
/* End XCConfigurationList section */

/* Begin XCRemoteSwiftPackageReference section */
		38EBF5FD2A3DD00C00EF5C74 /* XCRemoteSwiftPackageReference "Kingfisher" */ = {
			isa = XCRemoteSwiftPackageReference;
			repositoryURL = "https://github.com/onevcat/Kingfisher.git";
			requirement = {
				kind = upToNextMajorVersion;
				minimumVersion = 7.0.0;
			};
		};
/* End XCRemoteSwiftPackageReference section */

/* Begin XCSwiftPackageProductDependency section */
		38EBF5FE2A3DD00C00EF5C74 /* Kingfisher */ = {
			isa = XCSwiftPackageProductDependency;
			package = 38EBF5FD2A3DD00C00EF5C74 /* XCRemoteSwiftPackageReference "Kingfisher" */;
			productName = Kingfisher;
		};
/* End XCSwiftPackageProductDependency section */
	};
	rootObject = 38EBF5CC2A3B6F7800EF5C74 /* Project object */;
}
